
Microsoft Visual Studio Solution File, Format Version 12.00
# Visual Studio Version 17
VisualStudioVersion = 17.3.32901.215
MinimumVisualStudioVersion = 10.0.40219.1
Project("{FAE04EC0-301F-11D3-BF4B-00C04F79EFBC}") = "ApplicationLicense", "ApplicationLicense\ApplicationLicense.csproj", "{2E6B5860-94AC-411B-897A-1CA67589FE54}"
EndProject
Global
	GlobalSection(SolutionConfigurationPlatforms) = preSolution
		Debug|Any CPU = Debug|Any CPU
		Release|Any CPU = Release|Any CPU
	EndGlobalSection
	GlobalSection(ProjectConfigurationPlatforms) = postSolution
		{2E6B5860-94AC-411B-897A-1CA67589FE54}.Debug|Any CPU.ActiveCfg = Debug|Any CPU
		{2E6B5860-94AC-411B-897A-1CA67589FE54}.Debug|Any CPU.Build.0 = Debug|Any CPU
		{2E6B5860-94AC-411B-897A-1CA67589FE54}.Release|Any CPU.ActiveCfg = Release|Any CPU
		{2E6B5860-94AC-411B-897A-1CA67589FE54}.Release|Any CPU.Build.0 = Release|Any CPU
	EndGlobalSection
	GlobalSection(SolutionProperties) = preSolution
		HideSolutionNode = FALSE
	EndGlobalSection
	GlobalSection(ExtensibilityGlobals) = postSolution
		SolutionGuid = {DFAC02C6-97B0-4382-8272-F2D10266804C}
	EndGlobalSection
EndGlobal
