
Microsoft Visual Studio Solution File, Format Version 12.00
# Visual Studio Version 17
VisualStudioVersion = 17.3.32901.215
MinimumVisualStudioVersion = 10.0.40219.1
Project("{FAE04EC0-301F-11D3-BF4B-00C04F79EFBC}") = "Types", "Types\Types.csproj", "{BBB54713-738F-4D6F-B1CB-5D4ABAE48535}"
EndProject
Global
	GlobalSection(SolutionConfigurationPlatforms) = preSolution
		Debug|Any CPU = Debug|Any CPU
		Release|Any CPU = Release|Any CPU
	EndGlobalSection
	GlobalSection(ProjectConfigurationPlatforms) = postSolution
		{BBB54713-738F-4D6F-B1CB-5D4ABAE48535}.Debug|Any CPU.ActiveCfg = Debug|Any CPU
		{BBB54713-738F-4D6F-B1CB-5D4ABAE48535}.Debug|Any CPU.Build.0 = Debug|Any CPU
		{BBB54713-738F-4D6F-B1CB-5D4ABAE48535}.Release|Any CPU.ActiveCfg = Release|Any CPU
		{BBB54713-738F-4D6F-B1CB-5D4ABAE48535}.Release|Any CPU.Build.0 = Release|Any CPU
	EndGlobalSection
	GlobalSection(SolutionProperties) = preSolution
		HideSolutionNode = FALSE
	EndGlobalSection
	GlobalSection(ExtensibilityGlobals) = postSolution
		SolutionGuid = {02E8DE4F-99E1-4647-94AD-7A98694430C0}
	EndGlobalSection
EndGlobal
